<Solution>
  <Project Path="DocAI.Agents.Simple/DocAI.Agents.Simple.csproj" />
  <Project Path="DocAI.MCP.Validator/DocAI.MCP.Validator.csproj" />
  <Project Path="DocAI.Web/DocAI.Web.csproj" />
  <Project Path="../../tests/DocAI.Web.Tests/DocAI.Web.Tests.csproj" />
  <Project Path="../../tests/DocAI.MCP.Validator.Tests/DocAI.MCP.Validator.Tests.csproj" />
  <Project Path="../../tests/DocAI.Web.Playwright/DocAI.Web.Playwright.csproj" />
</Solution>
